
Microsoft Visual Studio Solution File, Format Version 12.00
# Visual Studio Version 17
VisualStudioVersion = 17.14.36518.9 d17.14
MinimumVisualStudioVersion = 10.0.40219.1
Project("{FAE04EC0-301F-11D3-BF4B-00C04F79EFBC}") = "Olhuz", "Olhuz\Olhuz.csproj", "{630DED53-A744-4CAD-94B5-5B97841F4379}"
EndProject
Global
	GlobalSection(SolutionConfigurationPlatforms) = preSolution
		Debug|Any CPU = Debug|Any CPU
		Release|Any CPU = Release|Any CPU
	EndGlobalSection
	GlobalSection(ProjectConfigurationPlatforms) = postSolution
		{630DED53-A744-4CAD-94B5-5B97841F4379}.Debug|Any CPU.ActiveCfg = Debug|Any CPU
		{630DED53-A744-4CAD-94B5-5B97841F4379}.Debug|Any CPU.Build.0 = Debug|Any CPU
		{630DED53-A744-4CAD-94B5-5B97841F4379}.Release|Any CPU.ActiveCfg = Release|Any CPU
		{630DED53-A744-4CAD-94B5-5B97841F4379}.Release|Any CPU.Build.0 = Release|Any CPU
	EndGlobalSection
	GlobalSection(SolutionProperties) = preSolution
		HideSolutionNode = FALSE
	EndGlobalSection
	GlobalSection(ExtensibilityGlobals) = postSolution
		SolutionGuid = {1FA69F43-EC61-4556-A910-18E06919A08C}
	EndGlobalSection
EndGlobal
